<?xml version="1.0" encoding="utf-8"?>
<Project ToolsVersion="4.0" xmlns="http://schemas.microsoft.com/developer/msbuild/2003">
  <ItemGroup>
    <Filter Include="Исходные файлы">
      <UniqueIdentifier>{4FC737F1-C7A5-4376-A066-2A32D752A2FF}</UniqueIdentifier>
      <Extensions>cpp;c;cc;cxx;c++;cppm;ixx;def;odl;idl;hpj;bat;asm;asmx</Extensions>
    </Filter>
    <Filter Include="Файлы заголовков">
      <UniqueIdentifier>{93995380-89BD-4b04-88EB-625FBE52EBFB}</UniqueIdentifier>
      <Extensions>h;hh;hpp;hxx;h++;hm;inl;inc;ipp;xsd</Extensions>
    </Filter>
    <Filter Include="Файлы ресурсов">
      <UniqueIdentifier>{67DA6AB6-F800-4c08-8B7A-83BB121AAD01}</UniqueIdentifier>
      <Extensions>rc;ico;cur;bmp;dlg;rc2;rct;bin;rgs;gif;jpg;jpeg;jpe;resx;tiff;tif;png;wav;mfcribbon-ms</Extensions>
    </Filter>
    <Filter Include="Файлы ресурсов\math">
      <UniqueIdentifier>{d3d64978-87c9-4a5a-b351-ced897a9f70e}</UniqueIdentifier>
    </Filter>
    <Filter Include="Файлы ресурсов\Classifier">
      <UniqueIdentifier>{2d6dce2f-7d58-4621-ae82-eaceb78a6fc7}</UniqueIdentifier>
    </Filter>
    <Filter Include="Файлы ресурсов\Quadric Solver">
      <UniqueIdentifier>{64f2e7a5-0fd8-43cc-bd6d-db660f62f2a2}</UniqueIdentifier>
    </Filter>
    <Filter Include="Файлы ресурсов\DataSet">
      <UniqueIdentifier>{34337721-0032-4aee-ba55-ed1627baac7e}</UniqueIdentifier>
    </Filter>
  </ItemGroup>
  <ItemGroup>
    <ClCompile Include="main.cpp">
      <Filter>Файлы ресурсов</Filter>
    </ClCompile>
    <ClCompile Include="SVMClassifier.cpp">
      <Filter>Файлы ресурсов\Classifier</Filter>
    </ClCompile>
  </ItemGroup>
  <ItemGroup>
    <ClInclude Include="mat.h">
      <Filter>Файлы ресурсов\math</Filter>
    </ClInclude>
    <ClInclude Include="matr.h">
      <Filter>Файлы ресурсов\math</Filter>
    </ClInclude>
    <ClInclude Include="vec.h">
      <Filter>Файлы ресурсов\math</Filter>
    </ClInclude>
    <ClInclude Include="SVMClassifier.h">
      <Filter>Файлы ресурсов\Classifier</Filter>
    </ClInclude>
    <ClInclude Include="QuadraticProgramSolver.h">
      <Filter>Файлы ресурсов\Quadric Solver</Filter>
    </ClInclude>
    <ClInclude Include="DataSet.h">
      <Filter>Файлы ресурсов\DataSet</Filter>
    </ClInclude>
  </ItemGroup>
</Project>